// !$*UTF8*$!
{
	archiveVersion = 1;
	classes = {
	};
	objectVersion = 50;
	objects = {

/* Begin PBXBuildFile section */
		A11355C4260CD47B00D5F638 /* FollowerListViewController.swift in Sources */ = {isa = PBXBuildFile; fileRef = A11355C3260CD47B00D5F638 /* FollowerListViewController.swift */; };
		A11355DA260D21A300D5F638 /* GFTitleLabel.swift in Sources */ = {isa = PBXBuildFile; fileRef = A11355D9260D21A300D5F638 /* GFTitleLabel.swift */; };
		A11355DD260D289700D5F638 /* GFBodyLabel.swift in Sources */ = {isa = PBXBuildFile; fileRef = A11355DC260D289700D5F638 /* GFBodyLabel.swift */; };
		A11355E0260D2AE500D5F638 /* GFAlertViewController.swift in Sources */ = {isa = PBXBuildFile; fileRef = A11355DF260D2AE500D5F638 /* GFAlertViewController.swift */; };
		A131CABA260A27060028422F /* AppDelegate.swift in Sources */ = {isa = PBXBuildFile; fileRef = A131CAB9260A27060028422F /* AppDelegate.swift */; };
		A131CABC260A27060028422F /* SceneDelegate.swift in Sources */ = {isa = PBXBuildFile; fileRef = A131CABB260A27060028422F /* SceneDelegate.swift */; };
		A131CAC3260A27080028422F /* Assets.xcassets in Resources */ = {isa = PBXBuildFile; fileRef = A131CAC2260A27080028422F /* Assets.xcassets */; };
		A131CAC6260A27080028422F /* LaunchScreen.storyboard in Resources */ = {isa = PBXBuildFile; fileRef = A131CAC4260A27080028422F /* LaunchScreen.storyboard */; };
		A1620C05261218EE009777DA /* Follower.swift in Sources */ = {isa = PBXBuildFile; fileRef = A1620C04261218EE009777DA /* Follower.swift */; };
		A1620C0826121A39009777DA /* User.swift in Sources */ = {isa = PBXBuildFile; fileRef = A1620C0726121A39009777DA /* User.swift */; };
		A1620C0F2612206D009777DA /* NetworkManager.swift in Sources */ = {isa = PBXBuildFile; fileRef = A1620C0E2612206D009777DA /* NetworkManager.swift */; };
		A1620C2026123543009777DA /* ErrorMessage.swift in Sources */ = {isa = PBXBuildFile; fileRef = A1620C1F26123543009777DA /* ErrorMessage.swift */; };
		A1620C292612753C009777DA /* FollowerCell.swift in Sources */ = {isa = PBXBuildFile; fileRef = A1620C282612753C009777DA /* FollowerCell.swift */; };
		A1620C2C2612761C009777DA /* GFAvatarImageView.swift in Sources */ = {isa = PBXBuildFile; fileRef = A1620C2B2612761C009777DA /* GFAvatarImageView.swift */; };
		A17776A5260E5CE800D8B40D /* UIViewController+Ext.swift in Sources */ = {isa = PBXBuildFile; fileRef = A17776A4260E5CE800D8B40D /* UIViewController+Ext.swift */; };
		A18B930A261513F1005A4D3A /* UIHelper.swift in Sources */ = {isa = PBXBuildFile; fileRef = A18B9309261513F1005A4D3A /* UIHelper.swift */; };
		A1E27D9A261B675C00CA43DC /* GFEmptyStateView.swift in Sources */ = {isa = PBXBuildFile; fileRef = A1E27D99261B675C00CA43DC /* GFEmptyStateView.swift */; };
		A1F542B4260A8BB3001D4502 /* SearchViewController.swift in Sources */ = {isa = PBXBuildFile; fileRef = A1F542B3260A8BB3001D4502 /* SearchViewController.swift */; };
		A1F542B7260A8C0E001D4502 /* FavoritesListViewController.swift in Sources */ = {isa = PBXBuildFile; fileRef = A1F542B6260A8C0E001D4502 /* FavoritesListViewController.swift */; };
		A1F542BC260B7242001D4502 /* GFButton.swift in Sources */ = {isa = PBXBuildFile; fileRef = A1F542BB260B7242001D4502 /* GFButton.swift */; };
		A1F542BF260B7918001D4502 /* GFTextField.swift in Sources */ = {isa = PBXBuildFile; fileRef = A1F542BE260B7918001D4502 /* GFTextField.swift */; };
/* End PBXBuildFile section */

/* Begin PBXFileReference section */
		A11355C3260CD47B00D5F638 /* FollowerListViewController.swift */ = {isa = PBXFileReference; lastKnownFileType = sourcecode.swift; path = FollowerListViewController.swift; sourceTree = "<group>"; };
		A11355D9260D21A300D5F638 /* GFTitleLabel.swift */ = {isa = PBXFileReference; lastKnownFileType = sourcecode.swift; path = GFTitleLabel.swift; sourceTree = "<group>"; };
		A11355DC260D289700D5F638 /* GFBodyLabel.swift */ = {isa = PBXFileReference; lastKnownFileType = sourcecode.swift; path = GFBodyLabel.swift; sourceTree = "<group>"; };
		A11355DF260D2AE500D5F638 /* GFAlertViewController.swift */ = {isa = PBXFileReference; lastKnownFileType = sourcecode.swift; path = GFAlertViewController.swift; sourceTree = "<group>"; };
		A131CAB6260A27060028422F /* GHFollowers.app */ = {isa = PBXFileReference; explicitFileType = wrapper.application; includeInIndex = 0; path = GHFollowers.app; sourceTree = BUILT_PRODUCTS_DIR; };
		A131CAB9260A27060028422F /* AppDelegate.swift */ = {isa = PBXFileReference; lastKnownFileType = sourcecode.swift; path = AppDelegate.swift; sourceTree = "<group>"; };
		A131CABB260A27060028422F /* SceneDelegate.swift */ = {isa = PBXFileReference; lastKnownFileType = sourcecode.swift; path = SceneDelegate.swift; sourceTree = "<group>"; };
		A131CAC2260A27080028422F /* Assets.xcassets */ = {isa = PBXFileReference; lastKnownFileType = folder.assetcatalog; path = Assets.xcassets; sourceTree = "<group>"; };
		A131CAC5260A27080028422F /* Base */ = {isa = PBXFileReference; lastKnownFileType = file.storyboard; name = Base; path = Base.lproj/LaunchScreen.storyboard; sourceTree = "<group>"; };
		A131CAC7260A27080028422F /* Info.plist */ = {isa = PBXFileReference; lastKnownFileType = text.plist.xml; path = Info.plist; sourceTree = "<group>"; };
		A1620C04261218EE009777DA /* Follower.swift */ = {isa = PBXFileReference; lastKnownFileType = sourcecode.swift; path = Follower.swift; sourceTree = "<group>"; };
		A1620C0726121A39009777DA /* User.swift */ = {isa = PBXFileReference; lastKnownFileType = sourcecode.swift; path = User.swift; sourceTree = "<group>"; };
		A1620C0E2612206D009777DA /* NetworkManager.swift */ = {isa = PBXFileReference; lastKnownFileType = sourcecode.swift; path = NetworkManager.swift; sourceTree = "<group>"; };
		A1620C1F26123543009777DA /* ErrorMessage.swift */ = {isa = PBXFileReference; lastKnownFileType = sourcecode.swift; path = ErrorMessage.swift; sourceTree = "<group>"; };
		A1620C282612753C009777DA /* FollowerCell.swift */ = {isa = PBXFileReference; lastKnownFileType = sourcecode.swift; path = FollowerCell.swift; sourceTree = "<group>"; };
		A1620C2B2612761C009777DA /* GFAvatarImageView.swift */ = {isa = PBXFileReference; lastKnownFileType = sourcecode.swift; path = GFAvatarImageView.swift; sourceTree = "<group>"; };
		A17776A4260E5CE800D8B40D /* UIViewController+Ext.swift */ = {isa = PBXFileReference; lastKnownFileType = sourcecode.swift; path = "UIViewController+Ext.swift"; sourceTree = "<group>"; };
		A18B9309261513F1005A4D3A /* UIHelper.swift */ = {isa = PBXFileReference; lastKnownFileType = sourcecode.swift; path = UIHelper.swift; sourceTree = "<group>"; };
		A1E27D99261B675C00CA43DC /* GFEmptyStateView.swift */ = {isa = PBXFileReference; lastKnownFileType = sourcecode.swift; path = GFEmptyStateView.swift; sourceTree = "<group>"; };
		A1F542B3260A8BB3001D4502 /* SearchViewController.swift */ = {isa = PBXFileReference; lastKnownFileType = sourcecode.swift; path = SearchViewController.swift; sourceTree = "<group>"; };
		A1F542B6260A8C0E001D4502 /* FavoritesListViewController.swift */ = {isa = PBXFileReference; lastKnownFileType = sourcecode.swift; path = FavoritesListViewController.swift; sourceTree = "<group>"; };
		A1F542BB260B7242001D4502 /* GFButton.swift */ = {isa = PBXFileReference; lastKnownFileType = sourcecode.swift; path = GFButton.swift; sourceTree = "<group>"; };
		A1F542BE260B7918001D4502 /* GFTextField.swift */ = {isa = PBXFileReference; lastKnownFileType = sourcecode.swift; path = GFTextField.swift; sourceTree = "<group>"; };
/* End PBXFileReference section */

/* Begin PBXFrameworksBuildPhase section */
		A131CAB3260A27060028422F /* Frameworks */ = {
			isa = PBXFrameworksBuildPhase;
			buildActionMask = 2147483647;
			files = (
			);
			runOnlyForDeploymentPostprocessing = 0;
		};
/* End PBXFrameworksBuildPhase section */

/* Begin PBXGroup section */
		A131CAAD260A27060028422F = {
			isa = PBXGroup;
			children = (
				A131CAB8260A27060028422F /* GHFollowers */,
				A131CAB7260A27060028422F /* Products */,
			);
			sourceTree = "<group>";
		};
		A131CAB7260A27060028422F /* Products */ = {
			isa = PBXGroup;
			children = (
				A131CAB6260A27060028422F /* GHFollowers.app */,
			);
			name = Products;
			sourceTree = "<group>";
		};
		A131CAB8260A27060028422F /* GHFollowers */ = {
			isa = PBXGroup;
			children = (
				A1620C1E2612351D009777DA /* Utilities */,
				A1620C0D26122053009777DA /* Managers */,
				A1620C03261218DA009777DA /* Model */,
				A131CAC7260A27080028422F /* Info.plist */,
				A17776AC260E62CF00D8B40D /* Support */,
				A17776AB260E626500D8B40D /* Extensions */,
				A17776AA260E620200D8B40D /* Custom_Views */,
				A17776A8260E619C00D8B40D /* Controllers_Screens */,
			);
			path = GHFollowers;
			sourceTree = "<group>";
		};
		A1620C03261218DA009777DA /* Model */ = {
			isa = PBXGroup;
			children = (
				A1620C04261218EE009777DA /* Follower.swift */,
				A1620C0726121A39009777DA /* User.swift */,
			);
			path = Model;
			sourceTree = "<group>";
		};
		A1620C0D26122053009777DA /* Managers */ = {
			isa = PBXGroup;
			children = (
				A1620C0E2612206D009777DA /* NetworkManager.swift */,
			);
			path = Managers;
			sourceTree = "<group>";
		};
		A1620C1E2612351D009777DA /* Utilities */ = {
			isa = PBXGroup;
			children = (
				A1620C1F26123543009777DA /* ErrorMessage.swift */,
				A18B9309261513F1005A4D3A /* UIHelper.swift */,
			);
			path = Utilities;
			sourceTree = "<group>";
		};
		A1620C2726127504009777DA /* Cells */ = {
			isa = PBXGroup;
			children = (
				A1620C282612753C009777DA /* FollowerCell.swift */,
			);
			path = Cells;
			sourceTree = "<group>";
		};
		A17776A8260E619C00D8B40D /* Controllers_Screens */ = {
			isa = PBXGroup;
			children = (
				A1F542B3260A8BB3001D4502 /* SearchViewController.swift */,
				A11355C3260CD47B00D5F638 /* FollowerListViewController.swift */,
				A1F542B6260A8C0E001D4502 /* FavoritesListViewController.swift */,
			);
			path = Controllers_Screens;
			sourceTree = "<group>";
		};
		A17776AA260E620200D8B40D /* Custom_Views */ = {
			isa = PBXGroup;
			children = (
				A1E27D98261B672700CA43DC /* Labels */,
				A1E27D97261B670500CA43DC /* ViewControllers */,
				A1E27D96261B66E700CA43DC /* ImageViews */,
				A1E27D95261B66D800CA43DC /* TextFields */,
				A1E27D93261B66CA00CA43DC /* Buttons */,
				A1E27D92261B66C200CA43DC /* Views */,
				A1620C2726127504009777DA /* Cells */,
			);
			path = Custom_Views;
			sourceTree = "<group>";
		};
		A17776AB260E626500D8B40D /* Extensions */ = {
			isa = PBXGroup;
			children = (
				A17776A4260E5CE800D8B40D /* UIViewController+Ext.swift */,
			);
			path = Extensions;
			sourceTree = "<group>";
		};
		A17776AC260E62CF00D8B40D /* Support */ = {
			isa = PBXGroup;
			children = (
				A131CAB9260A27060028422F /* AppDelegate.swift */,
				A131CABB260A27060028422F /* SceneDelegate.swift */,
				A131CAC2260A27080028422F /* Assets.xcassets */,
				A131CAC4260A27080028422F /* LaunchScreen.storyboard */,
			);
			path = Support;
			sourceTree = "<group>";
		};
		A1E27D92261B66C200CA43DC /* Views */ = {
			isa = PBXGroup;
			children = (
				A1E27D99261B675C00CA43DC /* GFEmptyStateView.swift */,
			);
			path = Views;
			sourceTree = "<group>";
		};
		A1E27D93261B66CA00CA43DC /* Buttons */ = {
			isa = PBXGroup;
			children = (
				A1F542BB260B7242001D4502 /* GFButton.swift */,
			);
			path = Buttons;
			sourceTree = "<group>";
		};
		A1E27D95261B66D800CA43DC /* TextFields */ = {
			isa = PBXGroup;
			children = (
				A1F542BE260B7918001D4502 /* GFTextField.swift */,
			);
			path = TextFields;
			sourceTree = "<group>";
		};
		A1E27D96261B66E700CA43DC /* ImageViews */ = {
			isa = PBXGroup;
			children = (
				A1620C2B2612761C009777DA /* GFAvatarImageView.swift */,
			);
			path = ImageViews;
			sourceTree = "<group>";
		};
		A1E27D97261B670500CA43DC /* ViewControllers */ = {
			isa = PBXGroup;
			children = (
				A11355DF260D2AE500D5F638 /* GFAlertViewController.swift */,
			);
			path = ViewControllers;
			sourceTree = "<group>";
		};
		A1E27D98261B672700CA43DC /* Labels */ = {
			isa = PBXGroup;
			children = (
				A11355D9260D21A300D5F638 /* GFTitleLabel.swift */,
				A11355DC260D289700D5F638 /* GFBodyLabel.swift */,
			);
			path = Labels;
			sourceTree = "<group>";
		};
/* End PBXGroup section */

/* Begin PBXNativeTarget section */
		A131CAB5260A27060028422F /* GHFollowers */ = {
			isa = PBXNativeTarget;
			buildConfigurationList = A131CACA260A27080028422F /* Build configuration list for PBXNativeTarget "GHFollowers" */;
			buildPhases = (
				A131CAB2260A27060028422F /* Sources */,
				A131CAB3260A27060028422F /* Frameworks */,
				A131CAB4260A27060028422F /* Resources */,
			);
			buildRules = (
			);
			dependencies = (
			);
			name = GHFollowers;
			productName = GHFollowers;
			productReference = A131CAB6260A27060028422F /* GHFollowers.app */;
			productType = "com.apple.product-type.application";
		};
/* End PBXNativeTarget section */

/* Begin PBXProject section */
		A131CAAE260A27060028422F /* Project object */ = {
			isa = PBXProject;
			attributes = {
				LastSwiftUpdateCheck = 1240;
				LastUpgradeCheck = 1240;
				TargetAttributes = {
					A131CAB5260A27060028422F = {
						CreatedOnToolsVersion = 12.4;
					};
				};
			};
			buildConfigurationList = A131CAB1260A27060028422F /* Build configuration list for PBXProject "GHFollowers" */;
			compatibilityVersion = "Xcode 9.3";
			developmentRegion = en;
			hasScannedForEncodings = 0;
			knownRegions = (
				en,
				Base,
			);
			mainGroup = A131CAAD260A27060028422F;
			productRefGroup = A131CAB7260A27060028422F /* Products */;
			projectDirPath = "";
			projectRoot = "";
			targets = (
				A131CAB5260A27060028422F /* GHFollowers */,
			);
		};
/* End PBXProject section */

/* Begin PBXResourcesBuildPhase section */
		A131CAB4260A27060028422F /* Resources */ = {
			isa = PBXResourcesBuildPhase;
			buildActionMask = 2147483647;
			files = (
				A131CAC6260A27080028422F /* LaunchScreen.storyboard in Resources */,
				A131CAC3260A27080028422F /* Assets.xcassets in Resources */,
			);
			runOnlyForDeploymentPostprocessing = 0;
		};
/* End PBXResourcesBuildPhase section */

/* Begin PBXSourcesBuildPhase section */
		A131CAB2260A27060028422F /* Sources */ = {
			isa = PBXSourcesBuildPhase;
			buildActionMask = 2147483647;
			files = (
				A1620C0826121A39009777DA /* User.swift in Sources */,
				A11355E0260D2AE500D5F638 /* GFAlertViewController.swift in Sources */,
				A1F542BF260B7918001D4502 /* GFTextField.swift in Sources */,
				A1F542B4260A8BB3001D4502 /* SearchViewController.swift in Sources */,
				A17776A5260E5CE800D8B40D /* UIViewController+Ext.swift in Sources */,
				A18B930A261513F1005A4D3A /* UIHelper.swift in Sources */,
				A1620C2C2612761C009777DA /* GFAvatarImageView.swift in Sources */,
				A1F542BC260B7242001D4502 /* GFButton.swift in Sources */,
				A11355C4260CD47B00D5F638 /* FollowerListViewController.swift in Sources */,
				A1620C292612753C009777DA /* FollowerCell.swift in Sources */,
				A1620C2026123543009777DA /* ErrorMessage.swift in Sources */,
				A11355DD260D289700D5F638 /* GFBodyLabel.swift in Sources */,
				A1620C05261218EE009777DA /* Follower.swift in Sources */,
				A11355DA260D21A300D5F638 /* GFTitleLabel.swift in Sources */,
				A1E27D9A261B675C00CA43DC /* GFEmptyStateView.swift in Sources */,
				A1620C0F2612206D009777DA /* NetworkManager.swift in Sources */,
				A131CABA260A27060028422F /* AppDelegate.swift in Sources */,
				A1F542B7260A8C0E001D4502 /* FavoritesListViewController.swift in Sources */,
				A131CABC260A27060028422F /* SceneDelegate.swift in Sources */,
			);
			runOnlyForDeploymentPostprocessing = 0;
		};
/* End PBXSourcesBuildPhase section */

/* Begin PBXVariantGroup section */
		A131CAC4260A27080028422F /* LaunchScreen.storyboard */ = {
			isa = PBXVariantGroup;
			children = (
				A131CAC5260A27080028422F /* Base */,
			);
			name = LaunchScreen.storyboard;
			sourceTree = "<group>";
		};
/* End PBXVariantGroup section */

/* Begin XCBuildConfiguration section */
		A131CAC8260A27080028422F /* Debug */ = {
			isa = XCBuildConfiguration;
			buildSettings = {
				ALWAYS_SEARCH_USER_PATHS = NO;
				CLANG_ANALYZER_NONNULL = YES;
				CLANG_ANALYZER_NUMBER_OBJECT_CONVERSION = YES_AGGRESSIVE;
				CLANG_CXX_LANGUAGE_STANDARD = "gnu++14";
				CLANG_CXX_LIBRARY = "libc++";
				CLANG_ENABLE_MODULES = YES;
				CLANG_ENABLE_OBJC_ARC = YES;
				CLANG_ENABLE_OBJC_WEAK = YES;
				CLANG_WARN_BLOCK_CAPTURE_AUTORELEASING = YES;
				CLANG_WARN_BOOL_CONVERSION = YES;
				CLANG_WARN_COMMA = YES;
				CLANG_WARN_CONSTANT_CONVERSION = YES;
				CLANG_WARN_DEPRECATED_OBJC_IMPLEMENTATIONS = YES;
				CLANG_WARN_DIRECT_OBJC_ISA_USAGE = YES_ERROR;
				CLANG_WARN_DOCUMENTATION_COMMENTS = YES;
				CLANG_WARN_EMPTY_BODY = YES;
				CLANG_WARN_ENUM_CONVERSION = YES;
				CLANG_WARN_INFINITE_RECURSION = YES;
				CLANG_WARN_INT_CONVERSION = YES;
				CLANG_WARN_NON_LITERAL_NULL_CONVERSION = YES;
				CLANG_WARN_OBJC_IMPLICIT_RETAIN_SELF = YES;
				CLANG_WARN_OBJC_LITERAL_CONVERSION = YES;
				CLANG_WARN_OBJC_ROOT_CLASS = YES_ERROR;
				CLANG_WARN_QUOTED_INCLUDE_IN_FRAMEWORK_HEADER = YES;
				CLANG_WARN_RANGE_LOOP_ANALYSIS = YES;
				CLANG_WARN_STRICT_PROTOTYPES = YES;
				CLANG_WARN_SUSPICIOUS_MOVE = YES;
				CLANG_WARN_UNGUARDED_AVAILABILITY = YES_AGGRESSIVE;
				CLANG_WARN_UNREACHABLE_CODE = YES;
				CLANG_WARN__DUPLICATE_METHOD_MATCH = YES;
				COPY_PHASE_STRIP = NO;
				DEBUG_INFORMATION_FORMAT = dwarf;
				ENABLE_STRICT_OBJC_MSGSEND = YES;
				ENABLE_TESTABILITY = YES;
				GCC_C_LANGUAGE_STANDARD = gnu11;
				GCC_DYNAMIC_NO_PIC = NO;
				GCC_NO_COMMON_BLOCKS = YES;
				GCC_OPTIMIZATION_LEVEL = 0;
				GCC_PREPROCESSOR_DEFINITIONS = (
					"DEBUG=1",
					"$(inherited)",
				);
				GCC_WARN_64_TO_32_BIT_CONVERSION = YES;
				GCC_WARN_ABOUT_RETURN_TYPE = YES_ERROR;
				GCC_WARN_UNDECLARED_SELECTOR = YES;
				GCC_WARN_UNINITIALIZED_AUTOS = YES_AGGRESSIVE;
				GCC_WARN_UNUSED_FUNCTION = YES;
				GCC_WARN_UNUSED_VARIABLE = YES;
				IPHONEOS_DEPLOYMENT_TARGET = 14.4;
				MTL_ENABLE_DEBUG_INFO = INCLUDE_SOURCE;
				MTL_FAST_MATH = YES;
				ONLY_ACTIVE_ARCH = YES;
				SDKROOT = iphoneos;
				SWIFT_ACTIVE_COMPILATION_CONDITIONS = DEBUG;
				SWIFT_OPTIMIZATION_LEVEL = "-Onone";
			};
			name = Debug;
		};
		A131CAC9260A27080028422F /* Release */ = {
			isa = XCBuildConfiguration;
			buildSettings = {
				ALWAYS_SEARCH_USER_PATHS = NO;
				CLANG_ANALYZER_NONNULL = YES;
				CLANG_ANALYZER_NUMBER_OBJECT_CONVERSION = YES_AGGRESSIVE;
				CLANG_CXX_LANGUAGE_STANDARD = "gnu++14";
				CLANG_CXX_LIBRARY = "libc++";
				CLANG_ENABLE_MODULES = YES;
				CLANG_ENABLE_OBJC_ARC = YES;
				CLANG_ENABLE_OBJC_WEAK = YES;
				CLANG_WARN_BLOCK_CAPTURE_AUTORELEASING = YES;
				CLANG_WARN_BOOL_CONVERSION = YES;
				CLANG_WARN_COMMA = YES;
				CLANG_WARN_CONSTANT_CONVERSION = YES;
				CLANG_WARN_DEPRECATED_OBJC_IMPLEMENTATIONS = YES;
				CLANG_WARN_DIRECT_OBJC_ISA_USAGE = YES_ERROR;
				CLANG_WARN_DOCUMENTATION_COMMENTS = YES;
				CLANG_WARN_EMPTY_BODY = YES;
				CLANG_WARN_ENUM_CONVERSION = YES;
				CLANG_WARN_INFINITE_RECURSION = YES;
				CLANG_WARN_INT_CONVERSION = YES;
				CLANG_WARN_NON_LITERAL_NULL_CONVERSION = YES;
				CLANG_WARN_OBJC_IMPLICIT_RETAIN_SELF = YES;
				CLANG_WARN_OBJC_LITERAL_CONVERSION = YES;
				CLANG_WARN_OBJC_ROOT_CLASS = YES_ERROR;
				CLANG_WARN_QUOTED_INCLUDE_IN_FRAMEWORK_HEADER = YES;
				CLANG_WARN_RANGE_LOOP_ANALYSIS = YES;
				CLANG_WARN_STRICT_PROTOTYPES = YES;
				CLANG_WARN_SUSPICIOUS_MOVE = YES;
				CLANG_WARN_UNGUARDED_AVAILABILITY = YES_AGGRESSIVE;
				CLANG_WARN_UNREACHABLE_CODE = YES;
				CLANG_WARN__DUPLICATE_METHOD_MATCH = YES;
				COPY_PHASE_STRIP = NO;
				DEBUG_INFORMATION_FORMAT = "dwarf-with-dsym";
				ENABLE_NS_ASSERTIONS = NO;
				ENABLE_STRICT_OBJC_MSGSEND = YES;
				GCC_C_LANGUAGE_STANDARD = gnu11;
				GCC_NO_COMMON_BLOCKS = YES;
				GCC_WARN_64_TO_32_BIT_CONVERSION = YES;
				GCC_WARN_ABOUT_RETURN_TYPE = YES_ERROR;
				GCC_WARN_UNDECLARED_SELECTOR = YES;
				GCC_WARN_UNINITIALIZED_AUTOS = YES_AGGRESSIVE;
				GCC_WARN_UNUSED_FUNCTION = YES;
				GCC_WARN_UNUSED_VARIABLE = YES;
				IPHONEOS_DEPLOYMENT_TARGET = 14.4;
				MTL_ENABLE_DEBUG_INFO = NO;
				MTL_FAST_MATH = YES;
				SDKROOT = iphoneos;
				SWIFT_COMPILATION_MODE = wholemodule;
				SWIFT_OPTIMIZATION_LEVEL = "-O";
				VALIDATE_PRODUCT = YES;
			};
			name = Release;
		};
		A131CACB260A27080028422F /* Debug */ = {
			isa = XCBuildConfiguration;
			buildSettings = {
				ASSETCATALOG_COMPILER_APPICON_NAME = AppIcon;
				ASSETCATALOG_COMPILER_GLOBAL_ACCENT_COLOR_NAME = AccentColor;
				CODE_SIGN_STYLE = Automatic;
				DEVELOPMENT_TEAM = LFUUSWLTU5;
				INFOPLIST_FILE = GHFollowers/Info.plist;
				LD_RUNPATH_SEARCH_PATHS = (
					"$(inherited)",
					"@executable_path/Frameworks",
				);
				PRODUCT_BUNDLE_IDENTIFIER = William.Maguire;
				PRODUCT_NAME = "$(TARGET_NAME)";
				SWIFT_VERSION = 5.0;
				TARGETED_DEVICE_FAMILY = "1,2";
			};
			name = Debug;
		};
		A131CACC260A27080028422F /* Release */ = {
			isa = XCBuildConfiguration;
			buildSettings = {
				ASSETCATALOG_COMPILER_APPICON_NAME = AppIcon;
				ASSETCATALOG_COMPILER_GLOBAL_ACCENT_COLOR_NAME = AccentColor;
				CODE_SIGN_STYLE = Automatic;
				DEVELOPMENT_TEAM = LFUUSWLTU5;
				INFOPLIST_FILE = GHFollowers/Info.plist;
				LD_RUNPATH_SEARCH_PATHS = (
					"$(inherited)",
					"@executable_path/Frameworks",
				);
				PRODUCT_BUNDLE_IDENTIFIER = William.Maguire;
				PRODUCT_NAME = "$(TARGET_NAME)";
				SWIFT_VERSION = 5.0;
				TARGETED_DEVICE_FAMILY = "1,2";
			};
			name = Release;
		};
/* End XCBuildConfiguration section */

/* Begin XCConfigurationList section */
		A131CAB1260A27060028422F /* Build configuration list for PBXProject "GHFollowers" */ = {
			isa = XCConfigurationList;
			buildConfigurations = (
				A131CAC8260A27080028422F /* Debug */,
				A131CAC9260A27080028422F /* Release */,
			);
			defaultConfigurationIsVisible = 0;
			defaultConfigurationName = Release;
		};
		A131CACA260A27080028422F /* Build configuration list for PBXNativeTarget "GHFollowers" */ = {
			isa = XCConfigurationList;
			buildConfigurations = (
				A131CACB260A27080028422F /* Debug */,
				A131CACC260A27080028422F /* Release */,
			);
			defaultConfigurationIsVisible = 0;
			defaultConfigurationName = Release;
		};
/* End XCConfigurationList section */
	};
	rootObject = A131CAAE260A27060028422F /* Project object */;
}
